// !$*UTF8*$!
{
	archiveVersion = 1;
	classes = {
	};
	objectVersion = 50;
	objects = {

/* Begin PBXBuildFile section */
		A2E8931F269F270A00E387C9 /* AppDelegate.swift in Sources */ = {isa = PBXBuildFile; fileRef = A2E8931E269F270A00E387C9 /* AppDelegate.swift */; };
		A2E89321269F270A00E387C9 /* SceneDelegate.swift in Sources */ = {isa = PBXBuildFile; fileRef = A2E89320269F270A00E387C9 /* SceneDelegate.swift */; };
		A2E89323269F270A00E387C9 /* ViewController.swift in Sources */ = {isa = PBXBuildFile; fileRef = A2E89322269F270A00E387C9 /* ViewController.swift */; };
		A2E89326269F270A00E387C9 /* Main.storyboard in Resources */ = {isa = PBXBuildFile; fileRef = A2E89324269F270A00E387C9 /* Main.storyboard */; };
		A2E89329269F270A00E387C9 /* StoryboardIntro.xcdatamodeld in Sources */ = {isa = PBXBuildFile; fileRef = A2E89327269F270A00E387C9 /* StoryboardIntro.xcdatamodeld */; };
		A2E8932B269F271C00E387C9 /* Assets.xcassets in Resources */ = {isa = PBXBuildFile; fileRef = A2E8932A269F271C00E387C9 /* Assets.xcassets */; };
		A2E8932E269F271C00E387C9 /* LaunchScreen.storyboard in Resources */ = {isa = PBXBuildFile; fileRef = A2E8932C269F271C00E387C9 /* LaunchScreen.storyboard */; };
		A2E89339269F271D00E387C9 /* StoryboardIntroTests.swift in Sources */ = {isa = PBXBuildFile; fileRef = A2E89338269F271D00E387C9 /* StoryboardIntroTests.swift */; };
		A2E89344269F271D00E387C9 /* StoryboardIntroUITests.swift in Sources */ = {isa = PBXBuildFile; fileRef = A2E89343269F271D00E387C9 /* StoryboardIntroUITests.swift */; };
/* End PBXBuildFile section */

/* Begin PBXContainerItemProxy section */
		A2E89335269F271D00E387C9 /* PBXContainerItemProxy */ = {
			isa = PBXContainerItemProxy;
			containerPortal = A2E89313269F270900E387C9 /* Project object */;
			proxyType = 1;
			remoteGlobalIDString = A2E8931A269F270A00E387C9;
			remoteInfo = StoryboardIntro;
		};
		A2E89340269F271D00E387C9 /* PBXContainerItemProxy */ = {
			isa = PBXContainerItemProxy;
			containerPortal = A2E89313269F270900E387C9 /* Project object */;
			proxyType = 1;
			remoteGlobalIDString = A2E8931A269F270A00E387C9;
			remoteInfo = StoryboardIntro;
		};
/* End PBXContainerItemProxy section */

/* Begin PBXFileReference section */
		A2E8931B269F270A00E387C9 /* StoryboardIntro.app */ = {isa = PBXFileReference; explicitFileType = wrapper.application; includeInIndex = 0; path = StoryboardIntro.app; sourceTree = BUILT_PRODUCTS_DIR; };
		A2E8931E269F270A00E387C9 /* AppDelegate.swift */ = {isa = PBXFileReference; lastKnownFileType = sourcecode.swift; path = AppDelegate.swift; sourceTree = "<group>"; };
		A2E89320269F270A00E387C9 /* SceneDelegate.swift */ = {isa = PBXFileReference; lastKnownFileType = sourcecode.swift; path = SceneDelegate.swift; sourceTree = "<group>"; };
		A2E89322269F270A00E387C9 /* ViewController.swift */ = {isa = PBXFileReference; lastKnownFileType = sourcecode.swift; path = ViewController.swift; sourceTree = "<group>"; };
		A2E89325269F270A00E387C9 /* Base */ = {isa = PBXFileReference; lastKnownFileType = file.storyboard; name = Base; path = Base.lproj/Main.storyboard; sourceTree = "<group>"; };
		A2E89328269F270A00E387C9 /* StoryboardIntro.xcdatamodel */ = {isa = PBXFileReference; lastKnownFileType = wrapper.xcdatamodel; path = StoryboardIntro.xcdatamodel; sourceTree = "<group>"; };
		A2E8932A269F271C00E387C9 /* Assets.xcassets */ = {isa = PBXFileReference; lastKnownFileType = folder.assetcatalog; path = Assets.xcassets; sourceTree = "<group>"; };
		A2E8932D269F271C00E387C9 /* Base */ = {isa = PBXFileReference; lastKnownFileType = file.storyboard; name = Base; path = Base.lproj/LaunchScreen.storyboard; sourceTree = "<group>"; };
		A2E8932F269F271C00E387C9 /* Info.plist */ = {isa = PBXFileReference; lastKnownFileType = text.plist.xml; path = Info.plist; sourceTree = "<group>"; };
		A2E89334269F271D00E387C9 /* StoryboardIntroTests.xctest */ = {isa = PBXFileReference; explicitFileType = wrapper.cfbundle; includeInIndex = 0; path = StoryboardIntroTests.xctest; sourceTree = BUILT_PRODUCTS_DIR; };
		A2E89338269F271D00E387C9 /* StoryboardIntroTests.swift */ = {isa = PBXFileReference; lastKnownFileType = sourcecode.swift; path = StoryboardIntroTests.swift; sourceTree = "<group>"; };
		A2E8933A269F271D00E387C9 /* Info.plist */ = {isa = PBXFileReference; lastKnownFileType = text.plist.xml; path = Info.plist; sourceTree = "<group>"; };
		A2E8933F269F271D00E387C9 /* StoryboardIntroUITests.xctest */ = {isa = PBXFileReference; explicitFileType = wrapper.cfbundle; includeInIndex = 0; path = StoryboardIntroUITests.xctest; sourceTree = BUILT_PRODUCTS_DIR; };
		A2E89343269F271D00E387C9 /* StoryboardIntroUITests.swift */ = {isa = PBXFileReference; lastKnownFileType = sourcecode.swift; path = StoryboardIntroUITests.swift; sourceTree = "<group>"; };
		A2E89345269F271D00E387C9 /* Info.plist */ = {isa = PBXFileReference; lastKnownFileType = text.plist.xml; path = Info.plist; sourceTree = "<group>"; };
/* End PBXFileReference section */

/* Begin PBXFrameworksBuildPhase section */
		A2E89318269F270A00E387C9 /* Frameworks */ = {
			isa = PBXFrameworksBuildPhase;
			buildActionMask = 2147483647;
			files = (
			);
			runOnlyForDeploymentPostprocessing = 0;
		};
		A2E89331269F271D00E387C9 /* Frameworks */ = {
			isa = PBXFrameworksBuildPhase;
			buildActionMask = 2147483647;
			files = (
			);
			runOnlyForDeploymentPostprocessing = 0;
		};
		A2E8933C269F271D00E387C9 /* Frameworks */ = {
			isa = PBXFrameworksBuildPhase;
			buildActionMask = 2147483647;
			files = (
			);
			runOnlyForDeploymentPostprocessing = 0;
		};
/* End PBXFrameworksBuildPhase section */

/* Begin PBXGroup section */
		A2E89312269F270900E387C9 = {
			isa = PBXGroup;
			children = (
				A2E8931D269F270A00E387C9 /* StoryboardIntro */,
				A2E89337269F271D00E387C9 /* StoryboardIntroTests */,
				A2E89342269F271D00E387C9 /* StoryboardIntroUITests */,
				A2E8931C269F270A00E387C9 /* Products */,
			);
			sourceTree = "<group>";
		};
		A2E8931C269F270A00E387C9 /* Products */ = {
			isa = PBXGroup;
			children = (
				A2E8931B269F270A00E387C9 /* StoryboardIntro.app */,
				A2E89334269F271D00E387C9 /* StoryboardIntroTests.xctest */,
				A2E8933F269F271D00E387C9 /* StoryboardIntroUITests.xctest */,
			);
			name = Products;
			sourceTree = "<group>";
		};
		A2E8931D269F270A00E387C9 /* StoryboardIntro */ = {
			isa = PBXGroup;
			children = (
				A2E8931E269F270A00E387C9 /* AppDelegate.swift */,
				A2E89320269F270A00E387C9 /* SceneDelegate.swift */,
				A2E89322269F270A00E387C9 /* ViewController.swift */,
				A2E89324269F270A00E387C9 /* Main.storyboard */,
				A2E8932A269F271C00E387C9 /* Assets.xcassets */,
				A2E8932C269F271C00E387C9 /* LaunchScreen.storyboard */,
				A2E8932F269F271C00E387C9 /* Info.plist */,
				A2E89327269F270A00E387C9 /* StoryboardIntro.xcdatamodeld */,
			);
			path = StoryboardIntro;
			sourceTree = "<group>";
		};
		A2E89337269F271D00E387C9 /* StoryboardIntroTests */ = {
			isa = PBXGroup;
			children = (
				A2E89338269F271D00E387C9 /* StoryboardIntroTests.swift */,
				A2E8933A269F271D00E387C9 /* Info.plist */,
			);
			path = StoryboardIntroTests;
			sourceTree = "<group>";
		};
		A2E89342269F271D00E387C9 /* StoryboardIntroUITests */ = {
			isa = PBXGroup;
			children = (
				A2E89343269F271D00E387C9 /* StoryboardIntroUITests.swift */,
				A2E89345269F271D00E387C9 /* Info.plist */,
			);
			path = StoryboardIntroUITests;
			sourceTree = "<group>";
		};
/* End PBXGroup section */

/* Begin PBXNativeTarget section */
		A2E8931A269F270A00E387C9 /* StoryboardIntro */ = {
			isa = PBXNativeTarget;
			buildConfigurationList = A2E89348269F271D00E387C9 /* Build configuration list for PBXNativeTarget "StoryboardIntro" */;
			buildPhases = (
				A2E89317269F270A00E387C9 /* Sources */,
				A2E89318269F270A00E387C9 /* Frameworks */,
				A2E89319269F270A00E387C9 /* Resources */,
			);
			buildRules = (
			);
			dependencies = (
			);
			name = StoryboardIntro;
			productName = StoryboardIntro;
			productReference = A2E8931B269F270A00E387C9 /* StoryboardIntro.app */;
			productType = "com.apple.product-type.application";
		};
		A2E89333269F271D00E387C9 /* StoryboardIntroTests */ = {
			isa = PBXNativeTarget;
			buildConfigurationList = A2E8934B269F271D00E387C9 /* Build configuration list for PBXNativeTarget "StoryboardIntroTests" */;
			buildPhases = (
				A2E89330269F271D00E387C9 /* Sources */,
				A2E89331269F271D00E387C9 /* Frameworks */,
				A2E89332269F271D00E387C9 /* Resources */,
			);
			buildRules = (
			);
			dependencies = (
				A2E89336269F271D00E387C9 /* PBXTargetDependency */,
			);
			name = StoryboardIntroTests;
			productName = StoryboardIntroTests;
			productReference = A2E89334269F271D00E387C9 /* StoryboardIntroTests.xctest */;
			productType = "com.apple.product-type.bundle.unit-test";
		};
		A2E8933E269F271D00E387C9 /* StoryboardIntroUITests */ = {
			isa = PBXNativeTarget;
			buildConfigurationList = A2E8934E269F271D00E387C9 /* Build configuration list for PBXNativeTarget "StoryboardIntroUITests" */;
			buildPhases = (
				A2E8933B269F271D00E387C9 /* Sources */,
				A2E8933C269F271D00E387C9 /* Frameworks */,
				A2E8933D269F271D00E387C9 /* Resources */,
			);
			buildRules = (
			);
			dependencies = (
				A2E89341269F271D00E387C9 /* PBXTargetDependency */,
			);
			name = StoryboardIntroUITests;
			productName = StoryboardIntroUITests;
			productReference = A2E8933F269F271D00E387C9 /* StoryboardIntroUITests.xctest */;
			productType = "com.apple.product-type.bundle.ui-testing";
		};
/* End PBXNativeTarget section */

/* Begin PBXProject section */
		A2E89313269F270900E387C9 /* Project object */ = {
			isa = PBXProject;
			attributes = {
				LastSwiftUpdateCheck = 1250;
				LastUpgradeCheck = 1250;
				TargetAttributes = {
					A2E8931A269F270A00E387C9 = {
						CreatedOnToolsVersion = 12.5.1;
					};
					A2E89333269F271D00E387C9 = {
						CreatedOnToolsVersion = 12.5.1;
						TestTargetID = A2E8931A269F270A00E387C9;
					};
					A2E8933E269F271D00E387C9 = {
						CreatedOnToolsVersion = 12.5.1;
						TestTargetID = A2E8931A269F270A00E387C9;
					};
				};
			};
			buildConfigurationList = A2E89316269F270900E387C9 /* Build configuration list for PBXProject "StoryboardIntro" */;
			compatibilityVersion = "Xcode 9.3";
			developmentRegion = en;
			hasScannedForEncodings = 0;
			knownRegions = (
				en,
				Base,
			);
			mainGroup = A2E89312269F270900E387C9;
			productRefGroup = A2E8931C269F270A00E387C9 /* Products */;
			projectDirPath = "";
			projectRoot = "";
			targets = (
				A2E8931A269F270A00E387C9 /* StoryboardIntro */,
				A2E89333269F271D00E387C9 /* StoryboardIntroTests */,
				A2E8933E269F271D00E387C9 /* StoryboardIntroUITests */,
			);
		};
/* End PBXProject section */

/* Begin PBXResourcesBuildPhase section */
		A2E89319269F270A00E387C9 /* Resources */ = {
			isa = PBXResourcesBuildPhase;
			buildActionMask = 2147483647;
			files = (
				A2E8932E269F271C00E387C9 /* LaunchScreen.storyboard in Resources */,
				A2E8932B269F271C00E387C9 /* Assets.xcassets in Resources */,
				A2E89326269F270A00E387C9 /* Main.storyboard in Resources */,
			);
			runOnlyForDeploymentPostprocessing = 0;
		};
		A2E89332269F271D00E387C9 /* Resources */ = {
			isa = PBXResourcesBuildPhase;
			buildActionMask = 2147483647;
			files = (
			);
			runOnlyForDeploymentPostprocessing = 0;
		};
		A2E8933D269F271D00E387C9 /* Resources */ = {
			isa = PBXResourcesBuildPhase;
			buildActionMask = 2147483647;
			files = (
			);
			runOnlyForDeploymentPostprocessing = 0;
		};
/* End PBXResourcesBuildPhase section */

/* Begin PBXSourcesBuildPhase section */
		A2E89317269F270A00E387C9 /* Sources */ = {
			isa = PBXSourcesBuildPhase;
			buildActionMask = 2147483647;
			files = (
				A2E89323269F270A00E387C9 /* ViewController.swift in Sources */,
				A2E89329269F270A00E387C9 /* StoryboardIntro.xcdatamodeld in Sources */,
				A2E8931F269F270A00E387C9 /* AppDelegate.swift in Sources */,
				A2E89321269F270A00E387C9 /* SceneDelegate.swift in Sources */,
			);
			runOnlyForDeploymentPostprocessing = 0;
		};
		A2E89330269F271D00E387C9 /* Sources */ = {
			isa = PBXSourcesBuildPhase;
			buildActionMask = 2147483647;
			files = (
				A2E89339269F271D00E387C9 /* StoryboardIntroTests.swift in Sources */,
			);
			runOnlyForDeploymentPostprocessing = 0;
		};
		A2E8933B269F271D00E387C9 /* Sources */ = {
			isa = PBXSourcesBuildPhase;
			buildActionMask = 2147483647;
			files = (
				A2E89344269F271D00E387C9 /* StoryboardIntroUITests.swift in Sources */,
			);
			runOnlyForDeploymentPostprocessing = 0;
		};
/* End PBXSourcesBuildPhase section */

/* Begin PBXTargetDependency section */
		A2E89336269F271D00E387C9 /* PBXTargetDependency */ = {
			isa = PBXTargetDependency;
			target = A2E8931A269F270A00E387C9 /* StoryboardIntro */;
			targetProxy = A2E89335269F271D00E387C9 /* PBXContainerItemProxy */;
		};
		A2E89341269F271D00E387C9 /* PBXTargetDependency */ = {
			isa = PBXTargetDependency;
			target = A2E8931A269F270A00E387C9 /* StoryboardIntro */;
			targetProxy = A2E89340269F271D00E387C9 /* PBXContainerItemProxy */;
		};
/* End PBXTargetDependency section */

/* Begin PBXVariantGroup section */
		A2E89324269F270A00E387C9 /* Main.storyboard */ = {
			isa = PBXVariantGroup;
			children = (
				A2E89325269F270A00E387C9 /* Base */,
			);
			name = Main.storyboard;
			sourceTree = "<group>";
		};
		A2E8932C269F271C00E387C9 /* LaunchScreen.storyboard */ = {
			isa = PBXVariantGroup;
			children = (
				A2E8932D269F271C00E387C9 /* Base */,
			);
			name = LaunchScreen.storyboard;
			sourceTree = "<group>";
		};
/* End PBXVariantGroup section */

/* Begin XCBuildConfiguration section */
		A2E89346269F271D00E387C9 /* Debug */ = {
			isa = XCBuildConfiguration;
			buildSettings = {
				ALWAYS_SEARCH_USER_PATHS = NO;
				CLANG_ANALYZER_NONNULL = YES;
				CLANG_ANALYZER_NUMBER_OBJECT_CONVERSION = YES_AGGRESSIVE;
				CLANG_CXX_LANGUAGE_STANDARD = "gnu++14";
				CLANG_CXX_LIBRARY = "libc++";
				CLANG_ENABLE_MODULES = YES;
				CLANG_ENABLE_OBJC_ARC = YES;
				CLANG_ENABLE_OBJC_WEAK = YES;
				CLANG_WARN_BLOCK_CAPTURE_AUTORELEASING = YES;
				CLANG_WARN_BOOL_CONVERSION = YES;
				CLANG_WARN_COMMA = YES;
				CLANG_WARN_CONSTANT_CONVERSION = YES;
				CLANG_WARN_DEPRECATED_OBJC_IMPLEMENTATIONS = YES;
				CLANG_WARN_DIRECT_OBJC_ISA_USAGE = YES_ERROR;
				CLANG_WARN_DOCUMENTATION_COMMENTS = YES;
				CLANG_WARN_EMPTY_BODY = YES;
				CLANG_WARN_ENUM_CONVERSION = YES;
				CLANG_WARN_INFINITE_RECURSION = YES;
				CLANG_WARN_INT_CONVERSION = YES;
				CLANG_WARN_NON_LITERAL_NULL_CONVERSION = YES;
				CLANG_WARN_OBJC_IMPLICIT_RETAIN_SELF = YES;
				CLANG_WARN_OBJC_LITERAL_CONVERSION = YES;
				CLANG_WARN_OBJC_ROOT_CLASS = YES_ERROR;
				CLANG_WARN_QUOTED_INCLUDE_IN_FRAMEWORK_HEADER = YES;
				CLANG_WARN_RANGE_LOOP_ANALYSIS = YES;
				CLANG_WARN_STRICT_PROTOTYPES = YES;
				CLANG_WARN_SUSPICIOUS_MOVE = YES;
				CLANG_WARN_UNGUARDED_AVAILABILITY = YES_AGGRESSIVE;
				CLANG_WARN_UNREACHABLE_CODE = YES;
				CLANG_WARN__DUPLICATE_METHOD_MATCH = YES;
				COPY_PHASE_STRIP = NO;
				DEBUG_INFORMATION_FORMAT = dwarf;
				ENABLE_STRICT_OBJC_MSGSEND = YES;
				ENABLE_TESTABILITY = YES;
				GCC_C_LANGUAGE_STANDARD = gnu11;
				GCC_DYNAMIC_NO_PIC = NO;
				GCC_NO_COMMON_BLOCKS = YES;
				GCC_OPTIMIZATION_LEVEL = 0;
				GCC_PREPROCESSOR_DEFINITIONS = (
					"DEBUG=1",
					"$(inherited)",
				);
				GCC_WARN_64_TO_32_BIT_CONVERSION = YES;
				GCC_WARN_ABOUT_RETURN_TYPE = YES_ERROR;
				GCC_WARN_UNDECLARED_SELECTOR = YES;
				GCC_WARN_UNINITIALIZED_AUTOS = YES_AGGRESSIVE;
				GCC_WARN_UNUSED_FUNCTION = YES;
				GCC_WARN_UNUSED_VARIABLE = YES;
				IPHONEOS_DEPLOYMENT_TARGET = 14.5;
				MTL_ENABLE_DEBUG_INFO = INCLUDE_SOURCE;
				MTL_FAST_MATH = YES;
				ONLY_ACTIVE_ARCH = YES;
				SDKROOT = iphoneos;
				SWIFT_ACTIVE_COMPILATION_CONDITIONS = DEBUG;
				SWIFT_OPTIMIZATION_LEVEL = "-Onone";
			};
			name = Debug;
		};
		A2E89347269F271D00E387C9 /* Release */ = {
			isa = XCBuildConfiguration;
			buildSettings = {
				ALWAYS_SEARCH_USER_PATHS = NO;
				CLANG_ANALYZER_NONNULL = YES;
				CLANG_ANALYZER_NUMBER_OBJECT_CONVERSION = YES_AGGRESSIVE;
				CLANG_CXX_LANGUAGE_STANDARD = "gnu++14";
				CLANG_CXX_LIBRARY = "libc++";
				CLANG_ENABLE_MODULES = YES;
				CLANG_ENABLE_OBJC_ARC = YES;
				CLANG_ENABLE_OBJC_WEAK = YES;
				CLANG_WARN_BLOCK_CAPTURE_AUTORELEASING = YES;
				CLANG_WARN_BOOL_CONVERSION = YES;
				CLANG_WARN_COMMA = YES;
				CLANG_WARN_CONSTANT_CONVERSION = YES;
				CLANG_WARN_DEPRECATED_OBJC_IMPLEMENTATIONS = YES;
				CLANG_WARN_DIRECT_OBJC_ISA_USAGE = YES_ERROR;
				CLANG_WARN_DOCUMENTATION_COMMENTS = YES;
				CLANG_WARN_EMPTY_BODY = YES;
				CLANG_WARN_ENUM_CONVERSION = YES;
				CLANG_WARN_INFINITE_RECURSION = YES;
				CLANG_WARN_INT_CONVERSION = YES;
				CLANG_WARN_NON_LITERAL_NULL_CONVERSION = YES;
				CLANG_WARN_OBJC_IMPLICIT_RETAIN_SELF = YES;
				CLANG_WARN_OBJC_LITERAL_CONVERSION = YES;
				CLANG_WARN_OBJC_ROOT_CLASS = YES_ERROR;
				CLANG_WARN_QUOTED_INCLUDE_IN_FRAMEWORK_HEADER = YES;
				CLANG_WARN_RANGE_LOOP_ANALYSIS = YES;
				CLANG_WARN_STRICT_PROTOTYPES = YES;
				CLANG_WARN_SUSPICIOUS_MOVE = YES;
				CLANG_WARN_UNGUARDED_AVAILABILITY = YES_AGGRESSIVE;
				CLANG_WARN_UNREACHABLE_CODE = YES;
				CLANG_WARN__DUPLICATE_METHOD_MATCH = YES;
				COPY_PHASE_STRIP = NO;
				DEBUG_INFORMATION_FORMAT = "dwarf-with-dsym";
				ENABLE_NS_ASSERTIONS = NO;
				ENABLE_STRICT_OBJC_MSGSEND = YES;
				GCC_C_LANGUAGE_STANDARD = gnu11;
				GCC_NO_COMMON_BLOCKS = YES;
				GCC_WARN_64_TO_32_BIT_CONVERSION = YES;
				GCC_WARN_ABOUT_RETURN_TYPE = YES_ERROR;
				GCC_WARN_UNDECLARED_SELECTOR = YES;
				GCC_WARN_UNINITIALIZED_AUTOS = YES_AGGRESSIVE;
				GCC_WARN_UNUSED_FUNCTION = YES;
				GCC_WARN_UNUSED_VARIABLE = YES;
				IPHONEOS_DEPLOYMENT_TARGET = 14.5;
				MTL_ENABLE_DEBUG_INFO = NO;
				MTL_FAST_MATH = YES;
				SDKROOT = iphoneos;
				SWIFT_COMPILATION_MODE = wholemodule;
				SWIFT_OPTIMIZATION_LEVEL = "-O";
				VALIDATE_PRODUCT = YES;
			};
			name = Release;
		};
		A2E89349269F271D00E387C9 /* Debug */ = {
			isa = XCBuildConfiguration;
			buildSettings = {
				ASSETCATALOG_COMPILER_APPICON_NAME = AppIcon;
				ASSETCATALOG_COMPILER_GLOBAL_ACCENT_COLOR_NAME = AccentColor;
				CODE_SIGN_STYLE = Automatic;
				INFOPLIST_FILE = StoryboardIntro/Info.plist;
				LD_RUNPATH_SEARCH_PATHS = (
					"$(inherited)",
					"@executable_path/Frameworks",
				);
				PRODUCT_BUNDLE_IDENTIFIER = "Gayathri-Aravindan.StoryboardIntro";
				PRODUCT_NAME = "$(TARGET_NAME)";
				SWIFT_VERSION = 5.0;
				TARGETED_DEVICE_FAMILY = "1,2";
			};
			name = Debug;
		};
		A2E8934A269F271D00E387C9 /* Release */ = {
			isa = XCBuildConfiguration;
			buildSettings = {
				ASSETCATALOG_COMPILER_APPICON_NAME = AppIcon;
				ASSETCATALOG_COMPILER_GLOBAL_ACCENT_COLOR_NAME = AccentColor;
				CODE_SIGN_STYLE = Automatic;
				INFOPLIST_FILE = StoryboardIntro/Info.plist;
				LD_RUNPATH_SEARCH_PATHS = (
					"$(inherited)",
					"@executable_path/Frameworks",
				);
				PRODUCT_BUNDLE_IDENTIFIER = "Gayathri-Aravindan.StoryboardIntro";
				PRODUCT_NAME = "$(TARGET_NAME)";
				SWIFT_VERSION = 5.0;
				TARGETED_DEVICE_FAMILY = "1,2";
			};
			name = Release;
		};
		A2E8934C269F271D00E387C9 /* Debug */ = {
			isa = XCBuildConfiguration;
			buildSettings = {
				ALWAYS_EMBED_SWIFT_STANDARD_LIBRARIES = YES;
				BUNDLE_LOADER = "$(TEST_HOST)";
				CODE_SIGN_STYLE = Automatic;
				INFOPLIST_FILE = StoryboardIntroTests/Info.plist;
				IPHONEOS_DEPLOYMENT_TARGET = 14.5;
				LD_RUNPATH_SEARCH_PATHS = (
					"$(inherited)",
					"@executable_path/Frameworks",
					"@loader_path/Frameworks",
				);
				PRODUCT_BUNDLE_IDENTIFIER = "Gayathri-Aravindan.StoryboardIntroTests";
				PRODUCT_NAME = "$(TARGET_NAME)";
				SWIFT_VERSION = 5.0;
				TARGETED_DEVICE_FAMILY = "1,2";
				TEST_HOST = "$(BUILT_PRODUCTS_DIR)/StoryboardIntro.app/StoryboardIntro";
			};
			name = Debug;
		};
		A2E8934D269F271D00E387C9 /* Release */ = {
			isa = XCBuildConfiguration;
			buildSettings = {
				ALWAYS_EMBED_SWIFT_STANDARD_LIBRARIES = YES;
				BUNDLE_LOADER = "$(TEST_HOST)";
				CODE_SIGN_STYLE = Automatic;
				INFOPLIST_FILE = StoryboardIntroTests/Info.plist;
				IPHONEOS_DEPLOYMENT_TARGET = 14.5;
				LD_RUNPATH_SEARCH_PATHS = (
					"$(inherited)",
					"@executable_path/Frameworks",
					"@loader_path/Frameworks",
				);
				PRODUCT_BUNDLE_IDENTIFIER = "Gayathri-Aravindan.StoryboardIntroTests";
				PRODUCT_NAME = "$(TARGET_NAME)";
				SWIFT_VERSION = 5.0;
				TARGETED_DEVICE_FAMILY = "1,2";
				TEST_HOST = "$(BUILT_PRODUCTS_DIR)/StoryboardIntro.app/StoryboardIntro";
			};
			name = Release;
		};
		A2E8934F269F271D00E387C9 /* Debug */ = {
			isa = XCBuildConfiguration;
			buildSettings = {
				ALWAYS_EMBED_SWIFT_STANDARD_LIBRARIES = YES;
				CODE_SIGN_STYLE = Automatic;
				INFOPLIST_FILE = StoryboardIntroUITests/Info.plist;
				LD_RUNPATH_SEARCH_PATHS = (
					"$(inherited)",
					"@executable_path/Frameworks",
					"@loader_path/Frameworks",
				);
				PRODUCT_BUNDLE_IDENTIFIER = "Gayathri-Aravindan.StoryboardIntroUITests";
				PRODUCT_NAME = "$(TARGET_NAME)";
				SWIFT_VERSION = 5.0;
				TARGETED_DEVICE_FAMILY = "1,2";
				TEST_TARGET_NAME = StoryboardIntro;
			};
			name = Debug;
		};
		A2E89350269F271D00E387C9 /* Release */ = {
			isa = XCBuildConfiguration;
			buildSettings = {
				ALWAYS_EMBED_SWIFT_STANDARD_LIBRARIES = YES;
				CODE_SIGN_STYLE = Automatic;
				INFOPLIST_FILE = StoryboardIntroUITests/Info.plist;
				LD_RUNPATH_SEARCH_PATHS = (
					"$(inherited)",
					"@executable_path/Frameworks",
					"@loader_path/Frameworks",
				);
				PRODUCT_BUNDLE_IDENTIFIER = "Gayathri-Aravindan.StoryboardIntroUITests";
				PRODUCT_NAME = "$(TARGET_NAME)";
				SWIFT_VERSION = 5.0;
				TARGETED_DEVICE_FAMILY = "1,2";
				TEST_TARGET_NAME = StoryboardIntro;
			};
			name = Release;
		};
/* End XCBuildConfiguration section */

/* Begin XCConfigurationList section */
		A2E89316269F270900E387C9 /* Build configuration list for PBXProject "StoryboardIntro" */ = {
			isa = XCConfigurationList;
			buildConfigurations = (
				A2E89346269F271D00E387C9 /* Debug */,
				A2E89347269F271D00E387C9 /* Release */,
			);
			defaultConfigurationIsVisible = 0;
			defaultConfigurationName = Release;
		};
		A2E89348269F271D00E387C9 /* Build configuration list for PBXNativeTarget "StoryboardIntro" */ = {
			isa = XCConfigurationList;
			buildConfigurations = (
				A2E89349269F271D00E387C9 /* Debug */,
				A2E8934A269F271D00E387C9 /* Release */,
			);
			defaultConfigurationIsVisible = 0;
			defaultConfigurationName = Release;
		};
		A2E8934B269F271D00E387C9 /* Build configuration list for PBXNativeTarget "StoryboardIntroTests" */ = {
			isa = XCConfigurationList;
			buildConfigurations = (
				A2E8934C269F271D00E387C9 /* Debug */,
				A2E8934D269F271D00E387C9 /* Release */,
			);
			defaultConfigurationIsVisible = 0;
			defaultConfigurationName = Release;
		};
		A2E8934E269F271D00E387C9 /* Build configuration list for PBXNativeTarget "StoryboardIntroUITests" */ = {
			isa = XCConfigurationList;
			buildConfigurations = (
				A2E8934F269F271D00E387C9 /* Debug */,
				A2E89350269F271D00E387C9 /* Release */,
			);
			defaultConfigurationIsVisible = 0;
			defaultConfigurationName = Release;
		};
/* End XCConfigurationList section */

/* Begin XCVersionGroup section */
		A2E89327269F270A00E387C9 /* StoryboardIntro.xcdatamodeld */ = {
			isa = XCVersionGroup;
			children = (
				A2E89328269F270A00E387C9 /* StoryboardIntro.xcdatamodel */,
			);
			currentVersion = A2E89328269F270A00E387C9 /* StoryboardIntro.xcdatamodel */;
			path = StoryboardIntro.xcdatamodeld;
			sourceTree = "<group>";
			versionGroupType = wrapper.xcdatamodel;
		};
/* End XCVersionGroup section */
	};
	rootObject = A2E89313269F270900E387C9 /* Project object */;
}
