// !$*UTF8*$!
{
	archiveVersion = 1;
	classes = {
	};
	objectVersion = 50;
	objects = {

/* Begin PBXBuildFile section */
		A2056D7026A70E9E00ECA052 /* AppDelegate.swift in Sources */ = {isa = PBXBuildFile; fileRef = A2056D6F26A70E9E00ECA052 /* AppDelegate.swift */; };
		A2056D7226A70E9E00ECA052 /* SceneDelegate.swift in Sources */ = {isa = PBXBuildFile; fileRef = A2056D7126A70E9E00ECA052 /* SceneDelegate.swift */; };
		A2056D7726A70E9E00ECA052 /* Main.storyboard in Resources */ = {isa = PBXBuildFile; fileRef = A2056D7526A70E9E00ECA052 /* Main.storyboard */; };
		A2056D7A26A70E9E00ECA052 /* ToDo_List.xcdatamodeld in Sources */ = {isa = PBXBuildFile; fileRef = A2056D7826A70E9E00ECA052 /* ToDo_List.xcdatamodeld */; };
		A2056D7C26A70EB600ECA052 /* Assets.xcassets in Resources */ = {isa = PBXBuildFile; fileRef = A2056D7B26A70EB600ECA052 /* Assets.xcassets */; };
		A2056D7F26A70EB600ECA052 /* LaunchScreen.storyboard in Resources */ = {isa = PBXBuildFile; fileRef = A2056D7D26A70EB600ECA052 /* LaunchScreen.storyboard */; };
		A2056D8A26A70EB700ECA052 /* ToDo_ListTests.swift in Sources */ = {isa = PBXBuildFile; fileRef = A2056D8926A70EB700ECA052 /* ToDo_ListTests.swift */; };
		A2056D9526A70EB700ECA052 /* ToDo_ListUITests.swift in Sources */ = {isa = PBXBuildFile; fileRef = A2056D9426A70EB700ECA052 /* ToDo_ListUITests.swift */; };
		A2056DA326A7146600ECA052 /* ToDoTableViewController.swift in Sources */ = {isa = PBXBuildFile; fileRef = A2056DA226A7146600ECA052 /* ToDoTableViewController.swift */; };
		A2056DA526A718E800ECA052 /* ToDo.swift in Sources */ = {isa = PBXBuildFile; fileRef = A2056DA426A718E800ECA052 /* ToDo.swift */; };
		A2056DA726A77CCE00ECA052 /* AddToDoViewController.swift in Sources */ = {isa = PBXBuildFile; fileRef = A2056DA626A77CCE00ECA052 /* AddToDoViewController.swift */; };
/* End PBXBuildFile section */

/* Begin PBXContainerItemProxy section */
		A2056D8626A70EB700ECA052 /* PBXContainerItemProxy */ = {
			isa = PBXContainerItemProxy;
			containerPortal = A2056D6426A70E9E00ECA052 /* Project object */;
			proxyType = 1;
			remoteGlobalIDString = A2056D6B26A70E9E00ECA052;
			remoteInfo = "ToDo List";
		};
		A2056D9126A70EB700ECA052 /* PBXContainerItemProxy */ = {
			isa = PBXContainerItemProxy;
			containerPortal = A2056D6426A70E9E00ECA052 /* Project object */;
			proxyType = 1;
			remoteGlobalIDString = A2056D6B26A70E9E00ECA052;
			remoteInfo = "ToDo List";
		};
/* End PBXContainerItemProxy section */

/* Begin PBXFileReference section */
		A2056D6C26A70E9E00ECA052 /* ToDo List.app */ = {isa = PBXFileReference; explicitFileType = wrapper.application; includeInIndex = 0; path = "ToDo List.app"; sourceTree = BUILT_PRODUCTS_DIR; };
		A2056D6F26A70E9E00ECA052 /* AppDelegate.swift */ = {isa = PBXFileReference; lastKnownFileType = sourcecode.swift; path = AppDelegate.swift; sourceTree = "<group>"; };
		A2056D7126A70E9E00ECA052 /* SceneDelegate.swift */ = {isa = PBXFileReference; lastKnownFileType = sourcecode.swift; path = SceneDelegate.swift; sourceTree = "<group>"; };
		A2056D7626A70E9E00ECA052 /* Base */ = {isa = PBXFileReference; lastKnownFileType = file.storyboard; name = Base; path = Base.lproj/Main.storyboard; sourceTree = "<group>"; };
		A2056D7926A70E9E00ECA052 /* ToDo_List.xcdatamodel */ = {isa = PBXFileReference; lastKnownFileType = wrapper.xcdatamodel; path = ToDo_List.xcdatamodel; sourceTree = "<group>"; };
		A2056D7B26A70EB600ECA052 /* Assets.xcassets */ = {isa = PBXFileReference; lastKnownFileType = folder.assetcatalog; path = Assets.xcassets; sourceTree = "<group>"; };
		A2056D7E26A70EB600ECA052 /* Base */ = {isa = PBXFileReference; lastKnownFileType = file.storyboard; name = Base; path = Base.lproj/LaunchScreen.storyboard; sourceTree = "<group>"; };
		A2056D8026A70EB600ECA052 /* Info.plist */ = {isa = PBXFileReference; lastKnownFileType = text.plist.xml; path = Info.plist; sourceTree = "<group>"; };
		A2056D8526A70EB700ECA052 /* ToDo ListTests.xctest */ = {isa = PBXFileReference; explicitFileType = wrapper.cfbundle; includeInIndex = 0; path = "ToDo ListTests.xctest"; sourceTree = BUILT_PRODUCTS_DIR; };
		A2056D8926A70EB700ECA052 /* ToDo_ListTests.swift */ = {isa = PBXFileReference; lastKnownFileType = sourcecode.swift; path = ToDo_ListTests.swift; sourceTree = "<group>"; };
		A2056D8B26A70EB700ECA052 /* Info.plist */ = {isa = PBXFileReference; lastKnownFileType = text.plist.xml; path = Info.plist; sourceTree = "<group>"; };
		A2056D9026A70EB700ECA052 /* ToDo ListUITests.xctest */ = {isa = PBXFileReference; explicitFileType = wrapper.cfbundle; includeInIndex = 0; path = "ToDo ListUITests.xctest"; sourceTree = BUILT_PRODUCTS_DIR; };
		A2056D9426A70EB700ECA052 /* ToDo_ListUITests.swift */ = {isa = PBXFileReference; lastKnownFileType = sourcecode.swift; path = ToDo_ListUITests.swift; sourceTree = "<group>"; };
		A2056D9626A70EB700ECA052 /* Info.plist */ = {isa = PBXFileReference; lastKnownFileType = text.plist.xml; path = Info.plist; sourceTree = "<group>"; };
		A2056DA226A7146600ECA052 /* ToDoTableViewController.swift */ = {isa = PBXFileReference; lastKnownFileType = sourcecode.swift; path = ToDoTableViewController.swift; sourceTree = SOURCE_ROOT; };
		A2056DA426A718E800ECA052 /* ToDo.swift */ = {isa = PBXFileReference; lastKnownFileType = sourcecode.swift; path = ToDo.swift; sourceTree = SOURCE_ROOT; };
		A2056DA626A77CCE00ECA052 /* AddToDoViewController.swift */ = {isa = PBXFileReference; lastKnownFileType = sourcecode.swift; path = AddToDoViewController.swift; sourceTree = SOURCE_ROOT; };
/* End PBXFileReference section */

/* Begin PBXFrameworksBuildPhase section */
		A2056D6926A70E9E00ECA052 /* Frameworks */ = {
			isa = PBXFrameworksBuildPhase;
			buildActionMask = 2147483647;
			files = (
			);
			runOnlyForDeploymentPostprocessing = 0;
		};
		A2056D8226A70EB700ECA052 /* Frameworks */ = {
			isa = PBXFrameworksBuildPhase;
			buildActionMask = 2147483647;
			files = (
			);
			runOnlyForDeploymentPostprocessing = 0;
		};
		A2056D8D26A70EB700ECA052 /* Frameworks */ = {
			isa = PBXFrameworksBuildPhase;
			buildActionMask = 2147483647;
			files = (
			);
			runOnlyForDeploymentPostprocessing = 0;
		};
/* End PBXFrameworksBuildPhase section */

/* Begin PBXGroup section */
		A2056D6326A70E9E00ECA052 = {
			isa = PBXGroup;
			children = (
				A2056D6E26A70E9E00ECA052 /* ToDo List */,
				A2056D8826A70EB700ECA052 /* ToDo ListTests */,
				A2056D9326A70EB700ECA052 /* ToDo ListUITests */,
				A2056D6D26A70E9E00ECA052 /* Products */,
			);
			sourceTree = "<group>";
		};
		A2056D6D26A70E9E00ECA052 /* Products */ = {
			isa = PBXGroup;
			children = (
				A2056D6C26A70E9E00ECA052 /* ToDo List.app */,
				A2056D8526A70EB700ECA052 /* ToDo ListTests.xctest */,
				A2056D9026A70EB700ECA052 /* ToDo ListUITests.xctest */,
			);
			name = Products;
			sourceTree = "<group>";
		};
		A2056D6E26A70E9E00ECA052 /* ToDo List */ = {
			isa = PBXGroup;
			children = (
				A2056DA626A77CCE00ECA052 /* AddToDoViewController.swift */,
				A2056DA426A718E800ECA052 /* ToDo.swift */,
				A2056DA226A7146600ECA052 /* ToDoTableViewController.swift */,
				A2056D6F26A70E9E00ECA052 /* AppDelegate.swift */,
				A2056D7126A70E9E00ECA052 /* SceneDelegate.swift */,
				A2056D7526A70E9E00ECA052 /* Main.storyboard */,
				A2056D7B26A70EB600ECA052 /* Assets.xcassets */,
				A2056D7D26A70EB600ECA052 /* LaunchScreen.storyboard */,
				A2056D8026A70EB600ECA052 /* Info.plist */,
				A2056D7826A70E9E00ECA052 /* ToDo_List.xcdatamodeld */,
			);
			path = "ToDo List";
			sourceTree = "<group>";
		};
		A2056D8826A70EB700ECA052 /* ToDo ListTests */ = {
			isa = PBXGroup;
			children = (
				A2056D8926A70EB700ECA052 /* ToDo_ListTests.swift */,
				A2056D8B26A70EB700ECA052 /* Info.plist */,
			);
			path = "ToDo ListTests";
			sourceTree = "<group>";
		};
		A2056D9326A70EB700ECA052 /* ToDo ListUITests */ = {
			isa = PBXGroup;
			children = (
				A2056D9426A70EB700ECA052 /* ToDo_ListUITests.swift */,
				A2056D9626A70EB700ECA052 /* Info.plist */,
			);
			path = "ToDo ListUITests";
			sourceTree = "<group>";
		};
/* End PBXGroup section */

/* Begin PBXNativeTarget section */
		A2056D6B26A70E9E00ECA052 /* ToDo List */ = {
			isa = PBXNativeTarget;
			buildConfigurationList = A2056D9926A70EB700ECA052 /* Build configuration list for PBXNativeTarget "ToDo List" */;
			buildPhases = (
				A2056D6826A70E9E00ECA052 /* Sources */,
				A2056D6926A70E9E00ECA052 /* Frameworks */,
				A2056D6A26A70E9E00ECA052 /* Resources */,
			);
			buildRules = (
			);
			dependencies = (
			);
			name = "ToDo List";
			productName = "ToDo List";
			productReference = A2056D6C26A70E9E00ECA052 /* ToDo List.app */;
			productType = "com.apple.product-type.application";
		};
		A2056D8426A70EB700ECA052 /* ToDo ListTests */ = {
			isa = PBXNativeTarget;
			buildConfigurationList = A2056D9C26A70EB700ECA052 /* Build configuration list for PBXNativeTarget "ToDo ListTests" */;
			buildPhases = (
				A2056D8126A70EB700ECA052 /* Sources */,
				A2056D8226A70EB700ECA052 /* Frameworks */,
				A2056D8326A70EB700ECA052 /* Resources */,
			);
			buildRules = (
			);
			dependencies = (
				A2056D8726A70EB700ECA052 /* PBXTargetDependency */,
			);
			name = "ToDo ListTests";
			productName = "ToDo ListTests";
			productReference = A2056D8526A70EB700ECA052 /* ToDo ListTests.xctest */;
			productType = "com.apple.product-type.bundle.unit-test";
		};
		A2056D8F26A70EB700ECA052 /* ToDo ListUITests */ = {
			isa = PBXNativeTarget;
			buildConfigurationList = A2056D9F26A70EB700ECA052 /* Build configuration list for PBXNativeTarget "ToDo ListUITests" */;
			buildPhases = (
				A2056D8C26A70EB700ECA052 /* Sources */,
				A2056D8D26A70EB700ECA052 /* Frameworks */,
				A2056D8E26A70EB700ECA052 /* Resources */,
			);
			buildRules = (
			);
			dependencies = (
				A2056D9226A70EB700ECA052 /* PBXTargetDependency */,
			);
			name = "ToDo ListUITests";
			productName = "ToDo ListUITests";
			productReference = A2056D9026A70EB700ECA052 /* ToDo ListUITests.xctest */;
			productType = "com.apple.product-type.bundle.ui-testing";
		};
/* End PBXNativeTarget section */

/* Begin PBXProject section */
		A2056D6426A70E9E00ECA052 /* Project object */ = {
			isa = PBXProject;
			attributes = {
				LastSwiftUpdateCheck = 1250;
				LastUpgradeCheck = 1250;
				TargetAttributes = {
					A2056D6B26A70E9E00ECA052 = {
						CreatedOnToolsVersion = 12.5.1;
					};
					A2056D8426A70EB700ECA052 = {
						CreatedOnToolsVersion = 12.5.1;
						TestTargetID = A2056D6B26A70E9E00ECA052;
					};
					A2056D8F26A70EB700ECA052 = {
						CreatedOnToolsVersion = 12.5.1;
						TestTargetID = A2056D6B26A70E9E00ECA052;
					};
				};
			};
			buildConfigurationList = A2056D6726A70E9E00ECA052 /* Build configuration list for PBXProject "ToDo List" */;
			compatibilityVersion = "Xcode 9.3";
			developmentRegion = en;
			hasScannedForEncodings = 0;
			knownRegions = (
				en,
				Base,
			);
			mainGroup = A2056D6326A70E9E00ECA052;
			productRefGroup = A2056D6D26A70E9E00ECA052 /* Products */;
			projectDirPath = "";
			projectRoot = "";
			targets = (
				A2056D6B26A70E9E00ECA052 /* ToDo List */,
				A2056D8426A70EB700ECA052 /* ToDo ListTests */,
				A2056D8F26A70EB700ECA052 /* ToDo ListUITests */,
			);
		};
/* End PBXProject section */

/* Begin PBXResourcesBuildPhase section */
		A2056D6A26A70E9E00ECA052 /* Resources */ = {
			isa = PBXResourcesBuildPhase;
			buildActionMask = 2147483647;
			files = (
				A2056D7F26A70EB600ECA052 /* LaunchScreen.storyboard in Resources */,
				A2056D7C26A70EB600ECA052 /* Assets.xcassets in Resources */,
				A2056D7726A70E9E00ECA052 /* Main.storyboard in Resources */,
			);
			runOnlyForDeploymentPostprocessing = 0;
		};
		A2056D8326A70EB700ECA052 /* Resources */ = {
			isa = PBXResourcesBuildPhase;
			buildActionMask = 2147483647;
			files = (
			);
			runOnlyForDeploymentPostprocessing = 0;
		};
		A2056D8E26A70EB700ECA052 /* Resources */ = {
			isa = PBXResourcesBuildPhase;
			buildActionMask = 2147483647;
			files = (
			);
			runOnlyForDeploymentPostprocessing = 0;
		};
/* End PBXResourcesBuildPhase section */

/* Begin PBXSourcesBuildPhase section */
		A2056D6826A70E9E00ECA052 /* Sources */ = {
			isa = PBXSourcesBuildPhase;
			buildActionMask = 2147483647;
			files = (
				A2056D7026A70E9E00ECA052 /* AppDelegate.swift in Sources */,
				A2056DA526A718E800ECA052 /* ToDo.swift in Sources */,
				A2056DA326A7146600ECA052 /* ToDoTableViewController.swift in Sources */,
				A2056D7226A70E9E00ECA052 /* SceneDelegate.swift in Sources */,
				A2056DA726A77CCE00ECA052 /* AddToDoViewController.swift in Sources */,
				A2056D7A26A70E9E00ECA052 /* ToDo_List.xcdatamodeld in Sources */,
			);
			runOnlyForDeploymentPostprocessing = 0;
		};
		A2056D8126A70EB700ECA052 /* Sources */ = {
			isa = PBXSourcesBuildPhase;
			buildActionMask = 2147483647;
			files = (
				A2056D8A26A70EB700ECA052 /* ToDo_ListTests.swift in Sources */,
			);
			runOnlyForDeploymentPostprocessing = 0;
		};
		A2056D8C26A70EB700ECA052 /* Sources */ = {
			isa = PBXSourcesBuildPhase;
			buildActionMask = 2147483647;
			files = (
				A2056D9526A70EB700ECA052 /* ToDo_ListUITests.swift in Sources */,
			);
			runOnlyForDeploymentPostprocessing = 0;
		};
/* End PBXSourcesBuildPhase section */

/* Begin PBXTargetDependency section */
		A2056D8726A70EB700ECA052 /* PBXTargetDependency */ = {
			isa = PBXTargetDependency;
			target = A2056D6B26A70E9E00ECA052 /* ToDo List */;
			targetProxy = A2056D8626A70EB700ECA052 /* PBXContainerItemProxy */;
		};
		A2056D9226A70EB700ECA052 /* PBXTargetDependency */ = {
			isa = PBXTargetDependency;
			target = A2056D6B26A70E9E00ECA052 /* ToDo List */;
			targetProxy = A2056D9126A70EB700ECA052 /* PBXContainerItemProxy */;
		};
/* End PBXTargetDependency section */

/* Begin PBXVariantGroup section */
		A2056D7526A70E9E00ECA052 /* Main.storyboard */ = {
			isa = PBXVariantGroup;
			children = (
				A2056D7626A70E9E00ECA052 /* Base */,
			);
			name = Main.storyboard;
			sourceTree = "<group>";
		};
		A2056D7D26A70EB600ECA052 /* LaunchScreen.storyboard */ = {
			isa = PBXVariantGroup;
			children = (
				A2056D7E26A70EB600ECA052 /* Base */,
			);
			name = LaunchScreen.storyboard;
			sourceTree = "<group>";
		};
/* End PBXVariantGroup section */

/* Begin XCBuildConfiguration section */
		A2056D9726A70EB700ECA052 /* Debug */ = {
			isa = XCBuildConfiguration;
			buildSettings = {
				ALWAYS_SEARCH_USER_PATHS = NO;
				CLANG_ANALYZER_NONNULL = YES;
				CLANG_ANALYZER_NUMBER_OBJECT_CONVERSION = YES_AGGRESSIVE;
				CLANG_CXX_LANGUAGE_STANDARD = "gnu++14";
				CLANG_CXX_LIBRARY = "libc++";
				CLANG_ENABLE_MODULES = YES;
				CLANG_ENABLE_OBJC_ARC = YES;
				CLANG_ENABLE_OBJC_WEAK = YES;
				CLANG_WARN_BLOCK_CAPTURE_AUTORELEASING = YES;
				CLANG_WARN_BOOL_CONVERSION = YES;
				CLANG_WARN_COMMA = YES;
				CLANG_WARN_CONSTANT_CONVERSION = YES;
				CLANG_WARN_DEPRECATED_OBJC_IMPLEMENTATIONS = YES;
				CLANG_WARN_DIRECT_OBJC_ISA_USAGE = YES_ERROR;
				CLANG_WARN_DOCUMENTATION_COMMENTS = YES;
				CLANG_WARN_EMPTY_BODY = YES;
				CLANG_WARN_ENUM_CONVERSION = YES;
				CLANG_WARN_INFINITE_RECURSION = YES;
				CLANG_WARN_INT_CONVERSION = YES;
				CLANG_WARN_NON_LITERAL_NULL_CONVERSION = YES;
				CLANG_WARN_OBJC_IMPLICIT_RETAIN_SELF = YES;
				CLANG_WARN_OBJC_LITERAL_CONVERSION = YES;
				CLANG_WARN_OBJC_ROOT_CLASS = YES_ERROR;
				CLANG_WARN_QUOTED_INCLUDE_IN_FRAMEWORK_HEADER = YES;
				CLANG_WARN_RANGE_LOOP_ANALYSIS = YES;
				CLANG_WARN_STRICT_PROTOTYPES = YES;
				CLANG_WARN_SUSPICIOUS_MOVE = YES;
				CLANG_WARN_UNGUARDED_AVAILABILITY = YES_AGGRESSIVE;
				CLANG_WARN_UNREACHABLE_CODE = YES;
				CLANG_WARN__DUPLICATE_METHOD_MATCH = YES;
				COPY_PHASE_STRIP = NO;
				DEBUG_INFORMATION_FORMAT = dwarf;
				ENABLE_STRICT_OBJC_MSGSEND = YES;
				ENABLE_TESTABILITY = YES;
				GCC_C_LANGUAGE_STANDARD = gnu11;
				GCC_DYNAMIC_NO_PIC = NO;
				GCC_NO_COMMON_BLOCKS = YES;
				GCC_OPTIMIZATION_LEVEL = 0;
				GCC_PREPROCESSOR_DEFINITIONS = (
					"DEBUG=1",
					"$(inherited)",
				);
				GCC_WARN_64_TO_32_BIT_CONVERSION = YES;
				GCC_WARN_ABOUT_RETURN_TYPE = YES_ERROR;
				GCC_WARN_UNDECLARED_SELECTOR = YES;
				GCC_WARN_UNINITIALIZED_AUTOS = YES_AGGRESSIVE;
				GCC_WARN_UNUSED_FUNCTION = YES;
				GCC_WARN_UNUSED_VARIABLE = YES;
				IPHONEOS_DEPLOYMENT_TARGET = 14.5;
				MTL_ENABLE_DEBUG_INFO = INCLUDE_SOURCE;
				MTL_FAST_MATH = YES;
				ONLY_ACTIVE_ARCH = YES;
				SDKROOT = iphoneos;
				SWIFT_ACTIVE_COMPILATION_CONDITIONS = DEBUG;
				SWIFT_OPTIMIZATION_LEVEL = "-Onone";
			};
			name = Debug;
		};
		A2056D9826A70EB700ECA052 /* Release */ = {
			isa = XCBuildConfiguration;
			buildSettings = {
				ALWAYS_SEARCH_USER_PATHS = NO;
				CLANG_ANALYZER_NONNULL = YES;
				CLANG_ANALYZER_NUMBER_OBJECT_CONVERSION = YES_AGGRESSIVE;
				CLANG_CXX_LANGUAGE_STANDARD = "gnu++14";
				CLANG_CXX_LIBRARY = "libc++";
				CLANG_ENABLE_MODULES = YES;
				CLANG_ENABLE_OBJC_ARC = YES;
				CLANG_ENABLE_OBJC_WEAK = YES;
				CLANG_WARN_BLOCK_CAPTURE_AUTORELEASING = YES;
				CLANG_WARN_BOOL_CONVERSION = YES;
				CLANG_WARN_COMMA = YES;
				CLANG_WARN_CONSTANT_CONVERSION = YES;
				CLANG_WARN_DEPRECATED_OBJC_IMPLEMENTATIONS = YES;
				CLANG_WARN_DIRECT_OBJC_ISA_USAGE = YES_ERROR;
				CLANG_WARN_DOCUMENTATION_COMMENTS = YES;
				CLANG_WARN_EMPTY_BODY = YES;
				CLANG_WARN_ENUM_CONVERSION = YES;
				CLANG_WARN_INFINITE_RECURSION = YES;
				CLANG_WARN_INT_CONVERSION = YES;
				CLANG_WARN_NON_LITERAL_NULL_CONVERSION = YES;
				CLANG_WARN_OBJC_IMPLICIT_RETAIN_SELF = YES;
				CLANG_WARN_OBJC_LITERAL_CONVERSION = YES;
				CLANG_WARN_OBJC_ROOT_CLASS = YES_ERROR;
				CLANG_WARN_QUOTED_INCLUDE_IN_FRAMEWORK_HEADER = YES;
				CLANG_WARN_RANGE_LOOP_ANALYSIS = YES;
				CLANG_WARN_STRICT_PROTOTYPES = YES;
				CLANG_WARN_SUSPICIOUS_MOVE = YES;
				CLANG_WARN_UNGUARDED_AVAILABILITY = YES_AGGRESSIVE;
				CLANG_WARN_UNREACHABLE_CODE = YES;
				CLANG_WARN__DUPLICATE_METHOD_MATCH = YES;
				COPY_PHASE_STRIP = NO;
				DEBUG_INFORMATION_FORMAT = "dwarf-with-dsym";
				ENABLE_NS_ASSERTIONS = NO;
				ENABLE_STRICT_OBJC_MSGSEND = YES;
				GCC_C_LANGUAGE_STANDARD = gnu11;
				GCC_NO_COMMON_BLOCKS = YES;
				GCC_WARN_64_TO_32_BIT_CONVERSION = YES;
				GCC_WARN_ABOUT_RETURN_TYPE = YES_ERROR;
				GCC_WARN_UNDECLARED_SELECTOR = YES;
				GCC_WARN_UNINITIALIZED_AUTOS = YES_AGGRESSIVE;
				GCC_WARN_UNUSED_FUNCTION = YES;
				GCC_WARN_UNUSED_VARIABLE = YES;
				IPHONEOS_DEPLOYMENT_TARGET = 14.5;
				MTL_ENABLE_DEBUG_INFO = NO;
				MTL_FAST_MATH = YES;
				SDKROOT = iphoneos;
				SWIFT_COMPILATION_MODE = wholemodule;
				SWIFT_OPTIMIZATION_LEVEL = "-O";
				VALIDATE_PRODUCT = YES;
			};
			name = Release;
		};
		A2056D9A26A70EB700ECA052 /* Debug */ = {
			isa = XCBuildConfiguration;
			buildSettings = {
				ASSETCATALOG_COMPILER_APPICON_NAME = AppIcon;
				ASSETCATALOG_COMPILER_GLOBAL_ACCENT_COLOR_NAME = AccentColor;
				CODE_SIGN_STYLE = Automatic;
				INFOPLIST_FILE = "ToDo List/Info.plist";
				LD_RUNPATH_SEARCH_PATHS = (
					"$(inherited)",
					"@executable_path/Frameworks",
				);
				PRODUCT_BUNDLE_IDENTIFIER = "Gayathri-Aravindan.ToDo-List";
				PRODUCT_NAME = "$(TARGET_NAME)";
				SWIFT_VERSION = 5.0;
				TARGETED_DEVICE_FAMILY = "1,2";
			};
			name = Debug;
		};
		A2056D9B26A70EB700ECA052 /* Release */ = {
			isa = XCBuildConfiguration;
			buildSettings = {
				ASSETCATALOG_COMPILER_APPICON_NAME = AppIcon;
				ASSETCATALOG_COMPILER_GLOBAL_ACCENT_COLOR_NAME = AccentColor;
				CODE_SIGN_STYLE = Automatic;
				INFOPLIST_FILE = "ToDo List/Info.plist";
				LD_RUNPATH_SEARCH_PATHS = (
					"$(inherited)",
					"@executable_path/Frameworks",
				);
				PRODUCT_BUNDLE_IDENTIFIER = "Gayathri-Aravindan.ToDo-List";
				PRODUCT_NAME = "$(TARGET_NAME)";
				SWIFT_VERSION = 5.0;
				TARGETED_DEVICE_FAMILY = "1,2";
			};
			name = Release;
		};
		A2056D9D26A70EB700ECA052 /* Debug */ = {
			isa = XCBuildConfiguration;
			buildSettings = {
				ALWAYS_EMBED_SWIFT_STANDARD_LIBRARIES = YES;
				BUNDLE_LOADER = "$(TEST_HOST)";
				CODE_SIGN_STYLE = Automatic;
				INFOPLIST_FILE = "ToDo ListTests/Info.plist";
				IPHONEOS_DEPLOYMENT_TARGET = 14.5;
				LD_RUNPATH_SEARCH_PATHS = (
					"$(inherited)",
					"@executable_path/Frameworks",
					"@loader_path/Frameworks",
				);
				PRODUCT_BUNDLE_IDENTIFIER = "Gayathri-Aravindan.ToDo-ListTests";
				PRODUCT_NAME = "$(TARGET_NAME)";
				SWIFT_VERSION = 5.0;
				TARGETED_DEVICE_FAMILY = "1,2";
				TEST_HOST = "$(BUILT_PRODUCTS_DIR)/ToDo List.app/ToDo List";
			};
			name = Debug;
		};
		A2056D9E26A70EB700ECA052 /* Release */ = {
			isa = XCBuildConfiguration;
			buildSettings = {
				ALWAYS_EMBED_SWIFT_STANDARD_LIBRARIES = YES;
				BUNDLE_LOADER = "$(TEST_HOST)";
				CODE_SIGN_STYLE = Automatic;
				INFOPLIST_FILE = "ToDo ListTests/Info.plist";
				IPHONEOS_DEPLOYMENT_TARGET = 14.5;
				LD_RUNPATH_SEARCH_PATHS = (
					"$(inherited)",
					"@executable_path/Frameworks",
					"@loader_path/Frameworks",
				);
				PRODUCT_BUNDLE_IDENTIFIER = "Gayathri-Aravindan.ToDo-ListTests";
				PRODUCT_NAME = "$(TARGET_NAME)";
				SWIFT_VERSION = 5.0;
				TARGETED_DEVICE_FAMILY = "1,2";
				TEST_HOST = "$(BUILT_PRODUCTS_DIR)/ToDo List.app/ToDo List";
			};
			name = Release;
		};
		A2056DA026A70EB700ECA052 /* Debug */ = {
			isa = XCBuildConfiguration;
			buildSettings = {
				ALWAYS_EMBED_SWIFT_STANDARD_LIBRARIES = YES;
				CODE_SIGN_STYLE = Automatic;
				INFOPLIST_FILE = "ToDo ListUITests/Info.plist";
				LD_RUNPATH_SEARCH_PATHS = (
					"$(inherited)",
					"@executable_path/Frameworks",
					"@loader_path/Frameworks",
				);
				PRODUCT_BUNDLE_IDENTIFIER = "Gayathri-Aravindan.ToDo-ListUITests";
				PRODUCT_NAME = "$(TARGET_NAME)";
				SWIFT_VERSION = 5.0;
				TARGETED_DEVICE_FAMILY = "1,2";
				TEST_TARGET_NAME = "ToDo List";
			};
			name = Debug;
		};
		A2056DA126A70EB700ECA052 /* Release */ = {
			isa = XCBuildConfiguration;
			buildSettings = {
				ALWAYS_EMBED_SWIFT_STANDARD_LIBRARIES = YES;
				CODE_SIGN_STYLE = Automatic;
				INFOPLIST_FILE = "ToDo ListUITests/Info.plist";
				LD_RUNPATH_SEARCH_PATHS = (
					"$(inherited)",
					"@executable_path/Frameworks",
					"@loader_path/Frameworks",
				);
				PRODUCT_BUNDLE_IDENTIFIER = "Gayathri-Aravindan.ToDo-ListUITests";
				PRODUCT_NAME = "$(TARGET_NAME)";
				SWIFT_VERSION = 5.0;
				TARGETED_DEVICE_FAMILY = "1,2";
				TEST_TARGET_NAME = "ToDo List";
			};
			name = Release;
		};
/* End XCBuildConfiguration section */

/* Begin XCConfigurationList section */
		A2056D6726A70E9E00ECA052 /* Build configuration list for PBXProject "ToDo List" */ = {
			isa = XCConfigurationList;
			buildConfigurations = (
				A2056D9726A70EB700ECA052 /* Debug */,
				A2056D9826A70EB700ECA052 /* Release */,
			);
			defaultConfigurationIsVisible = 0;
			defaultConfigurationName = Release;
		};
		A2056D9926A70EB700ECA052 /* Build configuration list for PBXNativeTarget "ToDo List" */ = {
			isa = XCConfigurationList;
			buildConfigurations = (
				A2056D9A26A70EB700ECA052 /* Debug */,
				A2056D9B26A70EB700ECA052 /* Release */,
			);
			defaultConfigurationIsVisible = 0;
			defaultConfigurationName = Release;
		};
		A2056D9C26A70EB700ECA052 /* Build configuration list for PBXNativeTarget "ToDo ListTests" */ = {
			isa = XCConfigurationList;
			buildConfigurations = (
				A2056D9D26A70EB700ECA052 /* Debug */,
				A2056D9E26A70EB700ECA052 /* Release */,
			);
			defaultConfigurationIsVisible = 0;
			defaultConfigurationName = Release;
		};
		A2056D9F26A70EB700ECA052 /* Build configuration list for PBXNativeTarget "ToDo ListUITests" */ = {
			isa = XCConfigurationList;
			buildConfigurations = (
				A2056DA026A70EB700ECA052 /* Debug */,
				A2056DA126A70EB700ECA052 /* Release */,
			);
			defaultConfigurationIsVisible = 0;
			defaultConfigurationName = Release;
		};
/* End XCConfigurationList section */

/* Begin XCVersionGroup section */
		A2056D7826A70E9E00ECA052 /* ToDo_List.xcdatamodeld */ = {
			isa = XCVersionGroup;
			children = (
				A2056D7926A70E9E00ECA052 /* ToDo_List.xcdatamodel */,
			);
			currentVersion = A2056D7926A70E9E00ECA052 /* ToDo_List.xcdatamodel */;
			path = ToDo_List.xcdatamodeld;
			sourceTree = "<group>";
			versionGroupType = wrapper.xcdatamodel;
		};
/* End XCVersionGroup section */
	};
	rootObject = A2056D6426A70E9E00ECA052 /* Project object */;
}
